
Microsoft Visual Studio Solution File, Format Version 12.00
# Visual Studio Version 16
VisualStudioVersion = 16.0.31515.178
MinimumVisualStudioVersion = 10.0.40219.1
Project("{9A19103F-16F7-4668-BE54-9A1E7A4F7556}") = "FastAsRock", "FastAsRock.csproj", "{63A3985F-9BCA-4F31-89E7-6B4642E1EBFA}"
EndProject
Global
	GlobalSection(SolutionConfigurationPlatforms) = preSolution
		Debug|Any CPU = Debug|Any CPU
		Release|Any CPU = Release|Any CPU
	EndGlobalSection
	GlobalSection(ProjectConfigurationPlatforms) = postSolution
		{63A3985F-9BCA-4F31-89E7-6B4642E1EBFA}.Debug|Any CPU.ActiveCfg = Debug|Any CPU
		{63A3985F-9BCA-4F31-89E7-6B4642E1EBFA}.Debug|Any CPU.Build.0 = Debug|Any CPU
		{63A3985F-9BCA-4F31-89E7-6B4642E1EBFA}.Release|Any CPU.ActiveCfg = Release|Any CPU
		{63A3985F-9BCA-4F31-89E7-6B4642E1EBFA}.Release|Any CPU.Build.0 = Release|Any CPU
	EndGlobalSection
	GlobalSection(SolutionProperties) = preSolution
		HideSolutionNode = FALSE
	EndGlobalSection
	GlobalSection(ExtensibilityGlobals) = postSolution
		SolutionGuid = {5D754AE1-4ACC-4547-8860-73A8AE19B428}
	EndGlobalSection
EndGlobal
